
Microsoft Visual Studio Solution File, Format Version 12.00
# Visual Studio Version 17
VisualStudioVersion = 17.12.35521.163 d17.12
MinimumVisualStudioVersion = 10.0.40219.1
Project("{FAE04EC0-301F-11D3-BF4B-00C04F79EFBC}") = "mROA", "mROA\mROA.csproj", "{AE4E93F6-7B91-41FC-9BEA-2C8C2CBE1CB6}"
EndProject
Project("{FAE04EC0-301F-11D3-BF4B-00C04F79EFBC}") = "mROA.Test", "mROA.Test\mROA.Test.csproj", "{D0E5760B-BB6E-453A-B396-A972CD94F133}"
EndProject
Project("{FAE04EC0-301F-11D3-BF4B-00C04F79EFBC}") = "mROA.Codegen", "mROA.Codegen\mROA.Codegen.csproj", "{6CE0ED21-88FD-44B3-B9C6-9B8FA4E07E89}"
EndProject
Project("{2150E333-8FDC-42A3-9474-1A3956D46DE8}") = "Example", "Example", "{EAE92F5A-664C-41AB-8811-5885524B5347}"
EndProject
Project("{FAE04EC0-301F-11D3-BF4B-00C04F79EFBC}") = "Example.Backend", "Example.Backend\Example.Backend.csproj", "{A9BB364E-0BA6-40B9-A293-757BC48EFC06}"
EndProject
Project("{FAE04EC0-301F-11D3-BF4B-00C04F79EFBC}") = "Example.Shared", "Example.Shared\Example.Shared.csproj", "{E7703F5B-F2A6-4A88-AA57-EBB1E38D533E}"
EndProject
Project("{FAE04EC0-301F-11D3-BF4B-00C04F79EFBC}") = "Example.Frontend", "Example.Frontend\Example.Frontend.csproj", "{9BD25A13-3165-47C0-9EAA-5C59EC490E32}"
EndProject
Project("{FAE04EC0-301F-11D3-BF4B-00C04F79EFBC}") = "mROA.Benchmark", "mROA.Benchmark\mROA.Benchmark.csproj", "{6868F42B-E30D-4040-AD4A-BC2A2E76D03A}"
EndProject
Project("{FAE04EC0-301F-11D3-BF4B-00C04F79EFBC}") = "mROA.Cbor", "mROA.Cbor\mROA.Cbor.csproj", "{6211E4EA-13FD-4EB1-8E6A-C0173DD0784A}"
EndProject
Project("{2150E333-8FDC-42A3-9474-1A3956D46DE8}") = "TotalDemo", "TotalDemo", "{FC4FA752-10A7-4D78-A7C2-9BCD8A81FB5E}"
EndProject
Project("{2150E333-8FDC-42A3-9474-1A3956D46DE8}") = "Events", "Events", "{032E1288-4D26-4FA5-ABB6-E7D738F319DE}"
EndProject
Project("{FAE04EC0-301F-11D3-BF4B-00C04F79EFBC}") = "Example.Events.Shared", "Example.Events.Shared\Example.Events.Shared.csproj", "{6342C7FC-12B4-4BC6-BA25-159B1400D952}"
EndProject
Project("{FAE04EC0-301F-11D3-BF4B-00C04F79EFBC}") = "Example.Events.Backend", "Example.Events.Backend\Example.Events.Backend.csproj", "{B63F58B2-8D86-42F3-96A5-470CB449BFD3}"
EndProject
Project("{FAE04EC0-301F-11D3-BF4B-00C04F79EFBC}") = "Example.Events.Client", "Example.Events.Client\Example.Events.Client.csproj", "{98451C0E-E179-4F5F-9F1A-8B353EDE2EBC}"
EndProject
Project("{FAE04EC0-301F-11D3-BF4B-00C04F79EFBC}") = "mROA.CodegenTools", "mROA.CodegenTools\mROA.CodegenTools.csproj", "{2A2821B7-E5C5-443A-9801-9622493594A0}"
EndProject
Project("{2150E333-8FDC-42A3-9474-1A3956D46DE8}") = "Codegen", "Codegen", "{3DB22457-E65B-426F-B3DD-08C615132B3E}"
EndProject
Project("{FAE04EC0-301F-11D3-BF4B-00C04F79EFBC}") = "BasicDemo", "BasicDemo\BasicDemo.csproj", "{87396E86-D7ED-4556-AB50-F3696FEF9072}"
EndProject
Global
	GlobalSection(SolutionConfigurationPlatforms) = preSolution
		Debug|Any CPU = Debug|Any CPU
		Release|Any CPU = Release|Any CPU
	EndGlobalSection
	GlobalSection(ProjectConfigurationPlatforms) = postSolution
		{AE4E93F6-7B91-41FC-9BEA-2C8C2CBE1CB6}.Release|Any CPU.ActiveCfg = Release|Any CPU
		{AE4E93F6-7B91-41FC-9BEA-2C8C2CBE1CB6}.Release|Any CPU.Build.0 = Release|Any CPU
		{AE4E93F6-7B91-41FC-9BEA-2C8C2CBE1CB6}.Debug|Any CPU.ActiveCfg = Debug|Any CPU
		{AE4E93F6-7B91-41FC-9BEA-2C8C2CBE1CB6}.Debug|Any CPU.Build.0 = Debug|Any CPU
		{D0E5760B-BB6E-453A-B396-A972CD94F133}.Debug|Any CPU.ActiveCfg = Debug|Any CPU
		{D0E5760B-BB6E-453A-B396-A972CD94F133}.Debug|Any CPU.Build.0 = Debug|Any CPU
		{D0E5760B-BB6E-453A-B396-A972CD94F133}.Release|Any CPU.ActiveCfg = Release|Any CPU
		{D0E5760B-BB6E-453A-B396-A972CD94F133}.Release|Any CPU.Build.0 = Release|Any CPU
		{6CE0ED21-88FD-44B3-B9C6-9B8FA4E07E89}.Release|Any CPU.ActiveCfg = Release|Any CPU
		{6CE0ED21-88FD-44B3-B9C6-9B8FA4E07E89}.Release|Any CPU.Build.0 = Release|Any CPU
		{6CE0ED21-88FD-44B3-B9C6-9B8FA4E07E89}.Debug|Any CPU.ActiveCfg = Debug|Any CPU
		{6CE0ED21-88FD-44B3-B9C6-9B8FA4E07E89}.Debug|Any CPU.Build.0 = Debug|Any CPU
		{A9BB364E-0BA6-40B9-A293-757BC48EFC06}.Debug|Any CPU.ActiveCfg = Debug|Any CPU
		{A9BB364E-0BA6-40B9-A293-757BC48EFC06}.Debug|Any CPU.Build.0 = Debug|Any CPU
		{A9BB364E-0BA6-40B9-A293-757BC48EFC06}.Release|Any CPU.ActiveCfg = Release|Any CPU
		{A9BB364E-0BA6-40B9-A293-757BC48EFC06}.Release|Any CPU.Build.0 = Release|Any CPU
		{E7703F5B-F2A6-4A88-AA57-EBB1E38D533E}.Debug|Any CPU.ActiveCfg = Debug|Any CPU
		{E7703F5B-F2A6-4A88-AA57-EBB1E38D533E}.Debug|Any CPU.Build.0 = Debug|Any CPU
		{E7703F5B-F2A6-4A88-AA57-EBB1E38D533E}.Release|Any CPU.ActiveCfg = Release|Any CPU
		{E7703F5B-F2A6-4A88-AA57-EBB1E38D533E}.Release|Any CPU.Build.0 = Release|Any CPU
		{9BD25A13-3165-47C0-9EAA-5C59EC490E32}.Debug|Any CPU.ActiveCfg = Debug|Any CPU
		{9BD25A13-3165-47C0-9EAA-5C59EC490E32}.Debug|Any CPU.Build.0 = Debug|Any CPU
		{9BD25A13-3165-47C0-9EAA-5C59EC490E32}.Release|Any CPU.ActiveCfg = Release|Any CPU
		{9BD25A13-3165-47C0-9EAA-5C59EC490E32}.Release|Any CPU.Build.0 = Release|Any CPU
		{6868F42B-E30D-4040-AD4A-BC2A2E76D03A}.Debug|Any CPU.ActiveCfg = Debug|Any CPU
		{6868F42B-E30D-4040-AD4A-BC2A2E76D03A}.Debug|Any CPU.Build.0 = Debug|Any CPU
		{6868F42B-E30D-4040-AD4A-BC2A2E76D03A}.Release|Any CPU.ActiveCfg = Release|Any CPU
		{6868F42B-E30D-4040-AD4A-BC2A2E76D03A}.Release|Any CPU.Build.0 = Release|Any CPU
		{6211E4EA-13FD-4EB1-8E6A-C0173DD0784A}.Debug|Any CPU.ActiveCfg = Debug|Any CPU
		{6211E4EA-13FD-4EB1-8E6A-C0173DD0784A}.Debug|Any CPU.Build.0 = Debug|Any CPU
		{6211E4EA-13FD-4EB1-8E6A-C0173DD0784A}.Release|Any CPU.ActiveCfg = Release|Any CPU
		{6211E4EA-13FD-4EB1-8E6A-C0173DD0784A}.Release|Any CPU.Build.0 = Release|Any CPU
		{6342C7FC-12B4-4BC6-BA25-159B1400D952}.Debug|Any CPU.ActiveCfg = Debug|Any CPU
		{6342C7FC-12B4-4BC6-BA25-159B1400D952}.Debug|Any CPU.Build.0 = Debug|Any CPU
		{6342C7FC-12B4-4BC6-BA25-159B1400D952}.Release|Any CPU.ActiveCfg = Release|Any CPU
		{6342C7FC-12B4-4BC6-BA25-159B1400D952}.Release|Any CPU.Build.0 = Release|Any CPU
		{B63F58B2-8D86-42F3-96A5-470CB449BFD3}.Debug|Any CPU.ActiveCfg = Debug|Any CPU
		{B63F58B2-8D86-42F3-96A5-470CB449BFD3}.Debug|Any CPU.Build.0 = Debug|Any CPU
		{B63F58B2-8D86-42F3-96A5-470CB449BFD3}.Release|Any CPU.ActiveCfg = Release|Any CPU
		{B63F58B2-8D86-42F3-96A5-470CB449BFD3}.Release|Any CPU.Build.0 = Release|Any CPU
		{98451C0E-E179-4F5F-9F1A-8B353EDE2EBC}.Debug|Any CPU.ActiveCfg = Debug|Any CPU
		{98451C0E-E179-4F5F-9F1A-8B353EDE2EBC}.Debug|Any CPU.Build.0 = Debug|Any CPU
		{98451C0E-E179-4F5F-9F1A-8B353EDE2EBC}.Release|Any CPU.ActiveCfg = Release|Any CPU
		{98451C0E-E179-4F5F-9F1A-8B353EDE2EBC}.Release|Any CPU.Build.0 = Release|Any CPU
		{2A2821B7-E5C5-443A-9801-9622493594A0}.Debug|Any CPU.ActiveCfg = Debug|Any CPU
		{2A2821B7-E5C5-443A-9801-9622493594A0}.Debug|Any CPU.Build.0 = Debug|Any CPU
		{2A2821B7-E5C5-443A-9801-9622493594A0}.Release|Any CPU.ActiveCfg = Release|Any CPU
		{2A2821B7-E5C5-443A-9801-9622493594A0}.Release|Any CPU.Build.0 = Release|Any CPU
		{87396E86-D7ED-4556-AB50-F3696FEF9072}.Debug|Any CPU.ActiveCfg = Debug|Any CPU
		{87396E86-D7ED-4556-AB50-F3696FEF9072}.Debug|Any CPU.Build.0 = Debug|Any CPU
		{87396E86-D7ED-4556-AB50-F3696FEF9072}.Release|Any CPU.ActiveCfg = Release|Any CPU
		{87396E86-D7ED-4556-AB50-F3696FEF9072}.Release|Any CPU.Build.0 = Release|Any CPU
	EndGlobalSection
	GlobalSection(SolutionProperties) = preSolution
		HideSolutionNode = FALSE
	EndGlobalSection
	GlobalSection(NestedProjects) = preSolution
		{FC4FA752-10A7-4D78-A7C2-9BCD8A81FB5E} = {EAE92F5A-664C-41AB-8811-5885524B5347}
		{A9BB364E-0BA6-40B9-A293-757BC48EFC06} = {FC4FA752-10A7-4D78-A7C2-9BCD8A81FB5E}
		{9BD25A13-3165-47C0-9EAA-5C59EC490E32} = {FC4FA752-10A7-4D78-A7C2-9BCD8A81FB5E}
		{E7703F5B-F2A6-4A88-AA57-EBB1E38D533E} = {FC4FA752-10A7-4D78-A7C2-9BCD8A81FB5E}
		{032E1288-4D26-4FA5-ABB6-E7D738F319DE} = {EAE92F5A-664C-41AB-8811-5885524B5347}
		{6342C7FC-12B4-4BC6-BA25-159B1400D952} = {032E1288-4D26-4FA5-ABB6-E7D738F319DE}
		{B63F58B2-8D86-42F3-96A5-470CB449BFD3} = {032E1288-4D26-4FA5-ABB6-E7D738F319DE}
		{98451C0E-E179-4F5F-9F1A-8B353EDE2EBC} = {032E1288-4D26-4FA5-ABB6-E7D738F319DE}
		{3DB22457-E65B-426F-B3DD-08C615132B3E} = {EAE92F5A-664C-41AB-8811-5885524B5347}
		{87396E86-D7ED-4556-AB50-F3696FEF9072} = {3DB22457-E65B-426F-B3DD-08C615132B3E}
	EndGlobalSection
EndGlobal
