
Microsoft Visual Studio Solution File, Format Version 12.00
# Visual Studio Version 17
VisualStudioVersion = 17.12.35521.163 d17.12
MinimumVisualStudioVersion = 10.0.40219.1
Project("{FAE04EC0-301F-11D3-BF4B-00C04F79EFBC}") = "mROA", "mROA\mROA.csproj", "{AE4E93F6-7B91-41FC-9BEA-2C8C2CBE1CB6}"
EndProject
Project("{FAE04EC0-301F-11D3-BF4B-00C04F79EFBC}") = "mROA.Test", "mROA.Test\mROA.Test.csproj", "{D0E5760B-BB6E-453A-B396-A972CD94F133}"
EndProject
Project("{FAE04EC0-301F-11D3-BF4B-00C04F79EFBC}") = "mROA.Codegen", "mROA.Codegen\mROA.Codegen.csproj", "{6CE0ED21-88FD-44B3-B9C6-9B8FA4E07E89}"
EndProject
Project("{2150E333-8FDC-42A3-9474-1A3956D46DE8}") = "Example", "Example", "{EAE92F5A-664C-41AB-8811-5885524B5347}"
EndProject
Project("{FAE04EC0-301F-11D3-BF4B-00C04F79EFBC}") = "Example.Backend", "Example.Backend\Example.Backend.csproj", "{A9BB364E-0BA6-40B9-A293-757BC48EFC06}"
EndProject
Project("{FAE04EC0-301F-11D3-BF4B-00C04F79EFBC}") = "Example.Shared", "Example.Shared\Example.Shared.csproj", "{E7703F5B-F2A6-4A88-AA57-EBB1E38D533E}"
EndProject
Project("{FAE04EC0-301F-11D3-BF4B-00C04F79EFBC}") = "Example.Frontend", "Example.Frontend\Example.Frontend.csproj", "{9BD25A13-3165-47C0-9EAA-5C59EC490E32}"
EndProject
Global
	GlobalSection(SolutionConfigurationPlatforms) = preSolution
		Debug|Any CPU = Debug|Any CPU
		Release|Any CPU = Release|Any CPU
	EndGlobalSection
	GlobalSection(ProjectConfigurationPlatforms) = postSolution
		{AE4E93F6-7B91-41FC-9BEA-2C8C2CBE1CB6}.Debug|Any CPU.ActiveCfg = Release|Any CPU
		{AE4E93F6-7B91-41FC-9BEA-2C8C2CBE1CB6}.Debug|Any CPU.Build.0 = Release|Any CPU
		{AE4E93F6-7B91-41FC-9BEA-2C8C2CBE1CB6}.Release|Any CPU.ActiveCfg = Release|Any CPU
		{AE4E93F6-7B91-41FC-9BEA-2C8C2CBE1CB6}.Release|Any CPU.Build.0 = Release|Any CPU
		{D0E5760B-BB6E-453A-B396-A972CD94F133}.Debug|Any CPU.ActiveCfg = Debug|Any CPU
		{D0E5760B-BB6E-453A-B396-A972CD94F133}.Debug|Any CPU.Build.0 = Debug|Any CPU
		{D0E5760B-BB6E-453A-B396-A972CD94F133}.Release|Any CPU.ActiveCfg = Release|Any CPU
		{D0E5760B-BB6E-453A-B396-A972CD94F133}.Release|Any CPU.Build.0 = Release|Any CPU
		{6CE0ED21-88FD-44B3-B9C6-9B8FA4E07E89}.Debug|Any CPU.ActiveCfg = Release|Any CPU
		{6CE0ED21-88FD-44B3-B9C6-9B8FA4E07E89}.Debug|Any CPU.Build.0 = Release|Any CPU
		{6CE0ED21-88FD-44B3-B9C6-9B8FA4E07E89}.Release|Any CPU.ActiveCfg = Release|Any CPU
		{6CE0ED21-88FD-44B3-B9C6-9B8FA4E07E89}.Release|Any CPU.Build.0 = Release|Any CPU
		{A9BB364E-0BA6-40B9-A293-757BC48EFC06}.Debug|Any CPU.ActiveCfg = Debug|Any CPU
		{A9BB364E-0BA6-40B9-A293-757BC48EFC06}.Debug|Any CPU.Build.0 = Debug|Any CPU
		{A9BB364E-0BA6-40B9-A293-757BC48EFC06}.Release|Any CPU.ActiveCfg = Release|Any CPU
		{A9BB364E-0BA6-40B9-A293-757BC48EFC06}.Release|Any CPU.Build.0 = Release|Any CPU
		{E7703F5B-F2A6-4A88-AA57-EBB1E38D533E}.Debug|Any CPU.ActiveCfg = Debug|Any CPU
		{E7703F5B-F2A6-4A88-AA57-EBB1E38D533E}.Debug|Any CPU.Build.0 = Debug|Any CPU
		{E7703F5B-F2A6-4A88-AA57-EBB1E38D533E}.Release|Any CPU.ActiveCfg = Release|Any CPU
		{E7703F5B-F2A6-4A88-AA57-EBB1E38D533E}.Release|Any CPU.Build.0 = Release|Any CPU
		{9BD25A13-3165-47C0-9EAA-5C59EC490E32}.Debug|Any CPU.ActiveCfg = Debug|Any CPU
		{9BD25A13-3165-47C0-9EAA-5C59EC490E32}.Debug|Any CPU.Build.0 = Debug|Any CPU
		{9BD25A13-3165-47C0-9EAA-5C59EC490E32}.Release|Any CPU.ActiveCfg = Release|Any CPU
		{9BD25A13-3165-47C0-9EAA-5C59EC490E32}.Release|Any CPU.Build.0 = Release|Any CPU
	EndGlobalSection
	GlobalSection(SolutionProperties) = preSolution
		HideSolutionNode = FALSE
	EndGlobalSection
	GlobalSection(NestedProjects) = preSolution
		{A9BB364E-0BA6-40B9-A293-757BC48EFC06} = {EAE92F5A-664C-41AB-8811-5885524B5347}
		{E7703F5B-F2A6-4A88-AA57-EBB1E38D533E} = {EAE92F5A-664C-41AB-8811-5885524B5347}
		{9BD25A13-3165-47C0-9EAA-5C59EC490E32} = {EAE92F5A-664C-41AB-8811-5885524B5347}
	EndGlobalSection
EndGlobal
